// !$*UTF8*$!
{
	archiveVersion = 1;
	classes = {
	};
	objectVersion = 46;
	objects = {

/* Begin PBXBuildFile section */
		DD7B36751DC4A8BF00229209 /* main.m in Sources */ = {isa = PBXBuildFile; fileRef = DD7B36741DC4A8BF00229209 /* main.m */; };
		DD7B36781DC4A8BF00229209 /* AppDelegate.m in Sources */ = {isa = PBXBuildFile; fileRef = DD7B36771DC4A8BF00229209 /* AppDelegate.m */; };
		DD7B367B1DC4A8BF00229209 /* ViewController.m in Sources */ = {isa = PBXBuildFile; fileRef = DD7B367A1DC4A8BF00229209 /* ViewController.m */; };
		DD7B367E1DC4A8BF00229209 /* Main.storyboard in Resources */ = {isa = PBXBuildFile; fileRef = DD7B367C1DC4A8BF00229209 /* Main.storyboard */; };
		DD7B36801DC4A8BF00229209 /* Assets.xcassets in Resources */ = {isa = PBXBuildFile; fileRef = DD7B367F1DC4A8BF00229209 /* Assets.xcassets */; };
		DD7B36831DC4A8BF00229209 /* LaunchScreen.storyboard in Resources */ = {isa = PBXBuildFile; fileRef = DD7B36811DC4A8BF00229209 /* LaunchScreen.storyboard */; };
		DD7B368C1DC4B1FD00229209 /* ZHCoverFlowCell.m in Sources */ = {isa = PBXBuildFile; fileRef = DD7B368B1DC4B1FD00229209 /* ZHCoverFlowCell.m */; };
		DD7B368F1DC58E6300229209 /* ZHCoverFlowLayout.m in Sources */ = {isa = PBXBuildFile; fileRef = DD7B368E1DC58E6300229209 /* ZHCoverFlowLayout.m */; };
/* End PBXBuildFile section */

/* Begin PBXFileReference section */
		DD7B36701DC4A8BF00229209 /* CoverFlow.app */ = {isa = PBXFileReference; explicitFileType = wrapper.application; includeInIndex = 0; path = CoverFlow.app; sourceTree = BUILT_PRODUCTS_DIR; };
		DD7B36741DC4A8BF00229209 /* main.m */ = {isa = PBXFileReference; lastKnownFileType = sourcecode.c.objc; path = main.m; sourceTree = "<group>"; };
		DD7B36761DC4A8BF00229209 /* AppDelegate.h */ = {isa = PBXFileReference; lastKnownFileType = sourcecode.c.h; path = AppDelegate.h; sourceTree = "<group>"; };
		DD7B36771DC4A8BF00229209 /* AppDelegate.m */ = {isa = PBXFileReference; lastKnownFileType = sourcecode.c.objc; path = AppDelegate.m; sourceTree = "<group>"; };
		DD7B36791DC4A8BF00229209 /* ViewController.h */ = {isa = PBXFileReference; lastKnownFileType = sourcecode.c.h; path = ViewController.h; sourceTree = "<group>"; };
		DD7B367A1DC4A8BF00229209 /* ViewController.m */ = {isa = PBXFileReference; lastKnownFileType = sourcecode.c.objc; path = ViewController.m; sourceTree = "<group>"; };
		DD7B367D1DC4A8BF00229209 /* Base */ = {isa = PBXFileReference; lastKnownFileType = file.storyboard; name = Base; path = Base.lproj/Main.storyboard; sourceTree = "<group>"; };
		DD7B367F1DC4A8BF00229209 /* Assets.xcassets */ = {isa = PBXFileReference; lastKnownFileType = folder.assetcatalog; path = Assets.xcassets; sourceTree = "<group>"; };
		DD7B36821DC4A8BF00229209 /* Base */ = {isa = PBXFileReference; lastKnownFileType = file.storyboard; name = Base; path = Base.lproj/LaunchScreen.storyboard; sourceTree = "<group>"; };
		DD7B36841DC4A8BF00229209 /* Info.plist */ = {isa = PBXFileReference; lastKnownFileType = text.plist.xml; path = Info.plist; sourceTree = "<group>"; };
		DD7B368A1DC4B1FD00229209 /* ZHCoverFlowCell.h */ = {isa = PBXFileReference; fileEncoding = 4; lastKnownFileType = sourcecode.c.h; path = ZHCoverFlowCell.h; sourceTree = "<group>"; };
		DD7B368B1DC4B1FD00229209 /* ZHCoverFlowCell.m */ = {isa = PBXFileReference; fileEncoding = 4; lastKnownFileType = sourcecode.c.objc; path = ZHCoverFlowCell.m; sourceTree = "<group>"; };
		DD7B368D1DC58E6300229209 /* ZHCoverFlowLayout.h */ = {isa = PBXFileReference; fileEncoding = 4; lastKnownFileType = sourcecode.c.h; path = ZHCoverFlowLayout.h; sourceTree = "<group>"; };
		DD7B368E1DC58E6300229209 /* ZHCoverFlowLayout.m */ = {isa = PBXFileReference; fileEncoding = 4; lastKnownFileType = sourcecode.c.objc; path = ZHCoverFlowLayout.m; sourceTree = "<group>"; };
/* End PBXFileReference section */

/* Begin PBXFrameworksBuildPhase section */
		DD7B366D1DC4A8BF00229209 /* Frameworks */ = {
			isa = PBXFrameworksBuildPhase;
			buildActionMask = 2147483647;
			files = (
			);
			runOnlyForDeploymentPostprocessing = 0;
		};
/* End PBXFrameworksBuildPhase section */

/* Begin PBXGroup section */
		DD7B36671DC4A8BF00229209 = {
			isa = PBXGroup;
			children = (
				DD7B36721DC4A8BF00229209 /* CoverFlow */,
				DD7B36711DC4A8BF00229209 /* Products */,
			);
			sourceTree = "<group>";
		};
		DD7B36711DC4A8BF00229209 /* Products */ = {
			isa = PBXGroup;
			children = (
				DD7B36701DC4A8BF00229209 /* CoverFlow.app */,
			);
			name = Products;
			sourceTree = "<group>";
		};
		DD7B36721DC4A8BF00229209 /* CoverFlow */ = {
			isa = PBXGroup;
			children = (
				DD7B36761DC4A8BF00229209 /* AppDelegate.h */,
				DD7B36771DC4A8BF00229209 /* AppDelegate.m */,
				DD7B36791DC4A8BF00229209 /* ViewController.h */,
				DD7B367A1DC4A8BF00229209 /* ViewController.m */,
				DD7B368A1DC4B1FD00229209 /* ZHCoverFlowCell.h */,
				DD7B368B1DC4B1FD00229209 /* ZHCoverFlowCell.m */,
				DD7B368D1DC58E6300229209 /* ZHCoverFlowLayout.h */,
				DD7B368E1DC58E6300229209 /* ZHCoverFlowLayout.m */,
				DD7B367C1DC4A8BF00229209 /* Main.storyboard */,
				DD7B367F1DC4A8BF00229209 /* Assets.xcassets */,
				DD7B36811DC4A8BF00229209 /* LaunchScreen.storyboard */,
				DD7B36841DC4A8BF00229209 /* Info.plist */,
				DD7B36731DC4A8BF00229209 /* Supporting Files */,
			);
			path = CoverFlow;
			sourceTree = "<group>";
		};
		DD7B36731DC4A8BF00229209 /* Supporting Files */ = {
			isa = PBXGroup;
			children = (
				DD7B36741DC4A8BF00229209 /* main.m */,
			);
			name = "Supporting Files";
			sourceTree = "<group>";
		};
/* End PBXGroup section */

/* Begin PBXNativeTarget section */
		DD7B366F1DC4A8BF00229209 /* CoverFlow */ = {
			isa = PBXNativeTarget;
			buildConfigurationList = DD7B36871DC4A8BF00229209 /* Build configuration list for PBXNativeTarget "CoverFlow" */;
			buildPhases = (
				DD7B366C1DC4A8BF00229209 /* Sources */,
				DD7B366D1DC4A8BF00229209 /* Frameworks */,
				DD7B366E1DC4A8BF00229209 /* Resources */,
			);
			buildRules = (
			);
			dependencies = (
			);
			name = CoverFlow;
			productName = CoverFlow;
			productReference = DD7B36701DC4A8BF00229209 /* CoverFlow.app */;
			productType = "com.apple.product-type.application";
		};
/* End PBXNativeTarget section */

/* Begin PBXProject section */
		DD7B36681DC4A8BF00229209 /* Project object */ = {
			isa = PBXProject;
			attributes = {
				LastUpgradeCheck = 0800;
				ORGANIZATIONNAME = ZHMARK;
				TargetAttributes = {
					DD7B366F1DC4A8BF00229209 = {
						CreatedOnToolsVersion = 8.0;
						ProvisioningStyle = Automatic;
					};
				};
			};
			buildConfigurationList = DD7B366B1DC4A8BF00229209 /* Build configuration list for PBXProject "CoverFlow" */;
			compatibilityVersion = "Xcode 3.2";
			developmentRegion = English;
			hasScannedForEncodings = 0;
			knownRegions = (
				en,
				Base,
			);
			mainGroup = DD7B36671DC4A8BF00229209;
			productRefGroup = DD7B36711DC4A8BF00229209 /* Products */;
			projectDirPath = "";
			projectRoot = "";
			targets = (
				DD7B366F1DC4A8BF00229209 /* CoverFlow */,
			);
		};
/* End PBXProject section */

/* Begin PBXResourcesBuildPhase section */
		DD7B366E1DC4A8BF00229209 /* Resources */ = {
			isa = PBXResourcesBuildPhase;
			buildActionMask = 2147483647;
			files = (
				DD7B36831DC4A8BF00229209 /* LaunchScreen.storyboard in Resources */,
				DD7B36801DC4A8BF00229209 /* Assets.xcassets in Resources */,
				DD7B367E1DC4A8BF00229209 /* Main.storyboard in Resources */,
			);
			runOnlyForDeploymentPostprocessing = 0;
		};
/* End PBXResourcesBuildPhase section */

/* Begin PBXSourcesBuildPhase section */
		DD7B366C1DC4A8BF00229209 /* Sources */ = {
			isa = PBXSourcesBuildPhase;
			buildActionMask = 2147483647;
			files = (
				DD7B367B1DC4A8BF00229209 /* ViewController.m in Sources */,
				DD7B368C1DC4B1FD00229209 /* ZHCoverFlowCell.m in Sources */,
				DD7B368F1DC58E6300229209 /* ZHCoverFlowLayout.m in Sources */,
				DD7B36781DC4A8BF00229209 /* AppDelegate.m in Sources */,
				DD7B36751DC4A8BF00229209 /* main.m in Sources */,
			);
			runOnlyForDeploymentPostprocessing = 0;
		};
/* End PBXSourcesBuildPhase section */

/* Begin PBXVariantGroup section */
		DD7B367C1DC4A8BF00229209 /* Main.storyboard */ = {
			isa = PBXVariantGroup;
			children = (
				DD7B367D1DC4A8BF00229209 /* Base */,
			);
			name = Main.storyboard;
			sourceTree = "<group>";
		};
		DD7B36811DC4A8BF00229209 /* LaunchScreen.storyboard */ = {
			isa = PBXVariantGroup;
			children = (
				DD7B36821DC4A8BF00229209 /* Base */,
			);
			name = LaunchScreen.storyboard;
			sourceTree = "<group>";
		};
/* End PBXVariantGroup section */

/* Begin XCBuildConfiguration section */
		DD7B36851DC4A8BF00229209 /* Debug */ = {
			isa = XCBuildConfiguration;
			buildSettings = {
				ALWAYS_SEARCH_USER_PATHS = NO;
				CLANG_ANALYZER_NONNULL = YES;
				CLANG_CXX_LANGUAGE_STANDARD = "gnu++0x";
				CLANG_CXX_LIBRARY = "libc++";
				CLANG_ENABLE_MODULES = YES;
				CLANG_ENABLE_OBJC_ARC = YES;
				CLANG_WARN_BOOL_CONVERSION = YES;
				CLANG_WARN_CONSTANT_CONVERSION = YES;
				CLANG_WARN_DIRECT_OBJC_ISA_USAGE = YES_ERROR;
				CLANG_WARN_DOCUMENTATION_COMMENTS = YES;
				CLANG_WARN_EMPTY_BODY = YES;
				CLANG_WARN_ENUM_CONVERSION = YES;
				CLANG_WARN_INFINITE_RECURSION = YES;
				CLANG_WARN_INT_CONVERSION = YES;
				CLANG_WARN_OBJC_ROOT_CLASS = YES_ERROR;
				CLANG_WARN_SUSPICIOUS_MOVES = YES;
				CLANG_WARN_UNREACHABLE_CODE = YES;
				CLANG_WARN__DUPLICATE_METHOD_MATCH = YES;
				"CODE_SIGN_IDENTITY[sdk=iphoneos*]" = "iPhone Developer";
				COPY_PHASE_STRIP = NO;
				DEBUG_INFORMATION_FORMAT = dwarf;
				ENABLE_STRICT_OBJC_MSGSEND = YES;
				ENABLE_TESTABILITY = YES;
				GCC_C_LANGUAGE_STANDARD = gnu99;
				GCC_DYNAMIC_NO_PIC = NO;
				GCC_NO_COMMON_BLOCKS = YES;
				GCC_OPTIMIZATION_LEVEL = 0;
				GCC_PREPROCESSOR_DEFINITIONS = (
					"DEBUG=1",
					"$(inherited)",
				);
				GCC_WARN_64_TO_32_BIT_CONVERSION = YES;
				GCC_WARN_ABOUT_RETURN_TYPE = YES_ERROR;
				GCC_WARN_UNDECLARED_SELECTOR = YES;
				GCC_WARN_UNINITIALIZED_AUTOS = YES_AGGRESSIVE;
				GCC_WARN_UNUSED_FUNCTION = YES;
				GCC_WARN_UNUSED_VARIABLE = YES;
				IPHONEOS_DEPLOYMENT_TARGET = 10.0;
				MTL_ENABLE_DEBUG_INFO = YES;
				ONLY_ACTIVE_ARCH = YES;
				SDKROOT = iphoneos;
			};
			name = Debug;
		};
		DD7B36861DC4A8BF00229209 /* Release */ = {
			isa = XCBuildConfiguration;
			buildSettings = {
				ALWAYS_SEARCH_USER_PATHS = NO;
				CLANG_ANALYZER_NONNULL = YES;
				CLANG_CXX_LANGUAGE_STANDARD = "gnu++0x";
				CLANG_CXX_LIBRARY = "libc++";
				CLANG_ENABLE_MODULES = YES;
				CLANG_ENABLE_OBJC_ARC = YES;
				CLANG_WARN_BOOL_CONVERSION = YES;
				CLANG_WARN_CONSTANT_CONVERSION = YES;
				CLANG_WARN_DIRECT_OBJC_ISA_USAGE = YES_ERROR;
				CLANG_WARN_DOCUMENTATION_COMMENTS = YES;
				CLANG_WARN_EMPTY_BODY = YES;
				CLANG_WARN_ENUM_CONVERSION = YES;
				CLANG_WARN_INFINITE_RECURSION = YES;
				CLANG_WARN_INT_CONVERSION = YES;
				CLANG_WARN_OBJC_ROOT_CLASS = YES_ERROR;
				CLANG_WARN_SUSPICIOUS_MOVES = YES;
				CLANG_WARN_UNREACHABLE_CODE = YES;
				CLANG_WARN__DUPLICATE_METHOD_MATCH = YES;
				"CODE_SIGN_IDENTITY[sdk=iphoneos*]" = "iPhone Developer";
				COPY_PHASE_STRIP = NO;
				DEBUG_INFORMATION_FORMAT = "dwarf-with-dsym";
				ENABLE_NS_ASSERTIONS = NO;
				ENABLE_STRICT_OBJC_MSGSEND = YES;
				GCC_C_LANGUAGE_STANDARD = gnu99;
				GCC_NO_COMMON_BLOCKS = YES;
				GCC_WARN_64_TO_32_BIT_CONVERSION = YES;
				GCC_WARN_ABOUT_RETURN_TYPE = YES_ERROR;
				GCC_WARN_UNDECLARED_SELECTOR = YES;
				GCC_WARN_UNINITIALIZED_AUTOS = YES_AGGRESSIVE;
				GCC_WARN_UNUSED_FUNCTION = YES;
				GCC_WARN_UNUSED_VARIABLE = YES;
				IPHONEOS_DEPLOYMENT_TARGET = 10.0;
				MTL_ENABLE_DEBUG_INFO = NO;
				SDKROOT = iphoneos;
				VALIDATE_PRODUCT = YES;
			};
			name = Release;
		};
		DD7B36881DC4A8BF00229209 /* Debug */ = {
			isa = XCBuildConfiguration;
			buildSettings = {
				ASSETCATALOG_COMPILER_APPICON_NAME = AppIcon;
				INFOPLIST_FILE = CoverFlow/Info.plist;
				LD_RUNPATH_SEARCH_PATHS = "$(inherited) @executable_path/Frameworks";
				PRODUCT_BUNDLE_IDENTIFIER = ZHMARK.CoverFlow;
				PRODUCT_NAME = "$(TARGET_NAME)";
			};
			name = Debug;
		};
		DD7B36891DC4A8BF00229209 /* Release */ = {
			isa = XCBuildConfiguration;
			buildSettings = {
				ASSETCATALOG_COMPILER_APPICON_NAME = AppIcon;
				INFOPLIST_FILE = CoverFlow/Info.plist;
				LD_RUNPATH_SEARCH_PATHS = "$(inherited) @executable_path/Frameworks";
				PRODUCT_BUNDLE_IDENTIFIER = ZHMARK.CoverFlow;
				PRODUCT_NAME = "$(TARGET_NAME)";
			};
			name = Release;
		};
/* End XCBuildConfiguration section */

/* Begin XCConfigurationList section */
		DD7B366B1DC4A8BF00229209 /* Build configuration list for PBXProject "CoverFlow" */ = {
			isa = XCConfigurationList;
			buildConfigurations = (
				DD7B36851DC4A8BF00229209 /* Debug */,
				DD7B36861DC4A8BF00229209 /* Release */,
			);
			defaultConfigurationIsVisible = 0;
			defaultConfigurationName = Release;
		};
		DD7B36871DC4A8BF00229209 /* Build configuration list for PBXNativeTarget "CoverFlow" */ = {
			isa = XCConfigurationList;
			buildConfigurations = (
				DD7B36881DC4A8BF00229209 /* Debug */,
				DD7B36891DC4A8BF00229209 /* Release */,
			);
			defaultConfigurationIsVisible = 0;
		};
/* End XCConfigurationList section */
	};
	rootObject = DD7B36681DC4A8BF00229209 /* Project object */;
}
